
Microsoft Visual Studio Solution File, Format Version 12.00
# Visual Studio Version 17
VisualStudioVersion = 17.0.31919.166
MinimumVisualStudioVersion = 10.0.40219.1
Project("{FAE04EC0-301F-11D3-BF4B-00C04F79EFBC}") = "HexaChessCore", "HexaChessCore\HexaChessCore.csproj", "{F66C9839-650F-422E-908A-D0B04F7CE378}"
EndProject
Project("{FAE04EC0-301F-11D3-BF4B-00C04F79EFBC}") = "HexaChessTest", "HexaChessTest\HexaChessTest.csproj", "{9A179583-EE15-4610-BBFA-5EF623541B78}"
EndProject
Global
	GlobalSection(SolutionConfigurationPlatforms) = preSolution
		Debug|Any CPU = Debug|Any CPU
		Release|Any CPU = Release|Any CPU
	EndGlobalSection
	GlobalSection(ProjectConfigurationPlatforms) = postSolution
		{F66C9839-650F-422E-908A-D0B04F7CE378}.Debug|Any CPU.ActiveCfg = Debug|Any CPU
		{F66C9839-650F-422E-908A-D0B04F7CE378}.Debug|Any CPU.Build.0 = Debug|Any CPU
		{F66C9839-650F-422E-908A-D0B04F7CE378}.Release|Any CPU.ActiveCfg = Release|Any CPU
		{F66C9839-650F-422E-908A-D0B04F7CE378}.Release|Any CPU.Build.0 = Release|Any CPU
		{9A179583-EE15-4610-BBFA-5EF623541B78}.Debug|Any CPU.ActiveCfg = Debug|Any CPU
		{9A179583-EE15-4610-BBFA-5EF623541B78}.Debug|Any CPU.Build.0 = Debug|Any CPU
		{9A179583-EE15-4610-BBFA-5EF623541B78}.Release|Any CPU.ActiveCfg = Release|Any CPU
		{9A179583-EE15-4610-BBFA-5EF623541B78}.Release|Any CPU.Build.0 = Release|Any CPU
	EndGlobalSection
	GlobalSection(SolutionProperties) = preSolution
		HideSolutionNode = FALSE
	EndGlobalSection
	GlobalSection(ExtensibilityGlobals) = postSolution
		SolutionGuid = {E9CCF1DE-0F44-474E-A260-EEEC88B5914A}
	EndGlobalSection
EndGlobal
